// !$*UTF8*$!
{
	archiveVersion = 1;
	classes = {
	};
	objectVersion = 46;
	objects = {

/* Begin PBXBuildFile section */
		AF214FEA1CBAABE200FC4B20 /* main.m in Sources */ = {isa = PBXBuildFile; fileRef = AF214FE91CBAABE200FC4B20 /* main.m */; };
		AF214FED1CBAABE200FC4B20 /* AppDelegate.m in Sources */ = {isa = PBXBuildFile; fileRef = AF214FEC1CBAABE200FC4B20 /* AppDelegate.m */; };
		AF214FF01CBAABE200FC4B20 /* ViewController.m in Sources */ = {isa = PBXBuildFile; fileRef = AF214FEF1CBAABE200FC4B20 /* ViewController.m */; };
		AF214FF31CBAABE200FC4B20 /* Main.storyboard in Resources */ = {isa = PBXBuildFile; fileRef = AF214FF11CBAABE200FC4B20 /* Main.storyboard */; };
		AF214FF51CBAABE200FC4B20 /* Assets.xcassets in Resources */ = {isa = PBXBuildFile; fileRef = AF214FF41CBAABE200FC4B20 /* Assets.xcassets */; };
		AF214FF81CBAABE200FC4B20 /* LaunchScreen.storyboard in Resources */ = {isa = PBXBuildFile; fileRef = AF214FF61CBAABE200FC4B20 /* LaunchScreen.storyboard */; };
		AF2150031CBAABE200FC4B20 /* DesignPatternDemoTests.m in Sources */ = {isa = PBXBuildFile; fileRef = AF2150021CBAABE200FC4B20 /* DesignPatternDemoTests.m */; };
		AF21500E1CBAABE200FC4B20 /* DesignPatternDemoUITests.m in Sources */ = {isa = PBXBuildFile; fileRef = AF21500D1CBAABE200FC4B20 /* DesignPatternDemoUITests.m */; };
		AF4AE2D71CBF929700387E66 /* Planner.m in Sources */ = {isa = PBXBuildFile; fileRef = AF4AE2D61CBF929700387E66 /* Planner.m */; };
		AF4AE2DD1CBF94B600387E66 /* VacationBuilder.m in Sources */ = {isa = PBXBuildFile; fileRef = AF4AE2DC1CBF94B600387E66 /* VacationBuilder.m */; };
		AF4AE2E01CBF968A00387E66 /* VacationPark.m in Sources */ = {isa = PBXBuildFile; fileRef = AF4AE2DF1CBF968A00387E66 /* VacationPark.m */; };
		AF68E4C21CC32DA4001A3D7E /* OAUIViewController.m in Sources */ = {isa = PBXBuildFile; fileRef = AF68E4C11CC32DA4001A3D7E /* OAUIViewController.m */; };
		AF68E4C51CC330E4001A3D7E /* OASelectObject.m in Sources */ = {isa = PBXBuildFile; fileRef = AF68E4C41CC330E4001A3D7E /* OASelectObject.m */; };
		AF68E4CB1CC33E49001A3D7E /* EAAdaptee.m in Sources */ = {isa = PBXBuildFile; fileRef = AF68E4CA1CC33E49001A3D7E /* EAAdaptee.m */; };
		AF68E4CE1CC33E5D001A3D7E /* EAAdapter.m in Sources */ = {isa = PBXBuildFile; fileRef = AF68E4CD1CC33E5D001A3D7E /* EAAdapter.m */; };
		AFA803111CBE0A2700EBE42A /* SingletonGCDObject.m in Sources */ = {isa = PBXBuildFile; fileRef = AFA803101CBE0A2700EBE42A /* SingletonGCDObject.m */; };
		AFA803141CBE0A8200EBE42A /* SingletonSynObject.m in Sources */ = {isa = PBXBuildFile; fileRef = AFA803131CBE0A8200EBE42A /* SingletonSynObject.m */; };
		AFA803171CBE0B1800EBE42A /* SingletonInitializeObject.m in Sources */ = {isa = PBXBuildFile; fileRef = AFA803161CBE0B1800EBE42A /* SingletonInitializeObject.m */; };
		AFA8031B1CBE0B9300EBE42A /* PrototypeObject.m in Sources */ = {isa = PBXBuildFile; fileRef = AFA8031A1CBE0B9300EBE42A /* PrototypeObject.m */; };
		AFCF75E21CBB3FC000F76D62 /* SFPizzaSimpleFactory.m in Sources */ = {isa = PBXBuildFile; fileRef = AFCF75E11CBB3FC000F76D62 /* SFPizzaSimpleFactory.m */; };
		AFCF75E51CBB3FD300F76D62 /* SFPizza.m in Sources */ = {isa = PBXBuildFile; fileRef = AFCF75E41CBB3FD300F76D62 /* SFPizza.m */; };
		AFCF75E81CBB3FEA00F76D62 /* SFCheesePizza.m in Sources */ = {isa = PBXBuildFile; fileRef = AFCF75E71CBB3FEA00F76D62 /* SFCheesePizza.m */; };
		AFCF75EB1CBB407300F76D62 /* SFClamPizza.m in Sources */ = {isa = PBXBuildFile; fileRef = AFCF75EA1CBB407300F76D62 /* SFClamPizza.m */; };
		AFCF75F11CBB479500F76D62 /* SFPizzaStore.m in Sources */ = {isa = PBXBuildFile; fileRef = AFCF75F01CBB479500F76D62 /* SFPizzaStore.m */; };
		AFCF75FA1CBB570700F76D62 /* FMPizza.m in Sources */ = {isa = PBXBuildFile; fileRef = AFCF75F91CBB570700F76D62 /* FMPizza.m */; };
		AFCF75FD1CBB57CB00F76D62 /* FMNYPizzaStore.m in Sources */ = {isa = PBXBuildFile; fileRef = AFCF75FC1CBB57CB00F76D62 /* FMNYPizzaStore.m */; };
		AFCF76001CBB57E400F76D62 /* FMChicagoPizzaStore.m in Sources */ = {isa = PBXBuildFile; fileRef = AFCF75FF1CBB57E400F76D62 /* FMChicagoPizzaStore.m */; };
		AFCF76031CBB589400F76D62 /* FMNYCheesePizza.m in Sources */ = {isa = PBXBuildFile; fileRef = AFCF76021CBB589400F76D62 /* FMNYCheesePizza.m */; };
		AFCF76061CBB58A400F76D62 /* FMNYClamPizza.m in Sources */ = {isa = PBXBuildFile; fileRef = AFCF76051CBB58A400F76D62 /* FMNYClamPizza.m */; };
		AFCF76091CBB58B300F76D62 /* FMChicagoCheesePizza.m in Sources */ = {isa = PBXBuildFile; fileRef = AFCF76081CBB58B300F76D62 /* FMChicagoCheesePizza.m */; };
		AFCF760C1CBB58C700F76D62 /* FMChicagoClamPizza.m in Sources */ = {isa = PBXBuildFile; fileRef = AFCF760B1CBB58C700F76D62 /* FMChicagoClamPizza.m */; };
		AFCF76121CBB7A3600F76D62 /* AFCheese.m in Sources */ = {isa = PBXBuildFile; fileRef = AFCF76111CBB7A3600F76D62 /* AFCheese.m */; };
		AFCF76151CBB7A4500F76D62 /* AFClam.m in Sources */ = {isa = PBXBuildFile; fileRef = AFCF76141CBB7A4500F76D62 /* AFClam.m */; };
		AFCF76181CBB7A9400F76D62 /* AFNYPizzaIngredientFactory.m in Sources */ = {isa = PBXBuildFile; fileRef = AFCF76171CBB7A9400F76D62 /* AFNYPizzaIngredientFactory.m */; };
		AFCF761B1CBB7AB000F76D62 /* AFChicagoIngredientFactory.m in Sources */ = {isa = PBXBuildFile; fileRef = AFCF761A1CBB7AB000F76D62 /* AFChicagoIngredientFactory.m */; };
		AFCF761E1CBB7AF800F76D62 /* AFNYCheese.m in Sources */ = {isa = PBXBuildFile; fileRef = AFCF761D1CBB7AF800F76D62 /* AFNYCheese.m */; };
		AFCF76211CBB7B0700F76D62 /* AFChicagoCheese.m in Sources */ = {isa = PBXBuildFile; fileRef = AFCF76201CBB7B0700F76D62 /* AFChicagoCheese.m */; };
		AFCF76241CBB7B1F00F76D62 /* AFNYClam.m in Sources */ = {isa = PBXBuildFile; fileRef = AFCF76231CBB7B1F00F76D62 /* AFNYClam.m */; };
		AFCF76271CBB7B2E00F76D62 /* AFChicagoClam.m in Sources */ = {isa = PBXBuildFile; fileRef = AFCF76261CBB7B2E00F76D62 /* AFChicagoClam.m */; };
		AFCF762D1CBB7CF300F76D62 /* AFSauce.m in Sources */ = {isa = PBXBuildFile; fileRef = AFCF762C1CBB7CF300F76D62 /* AFSauce.m */; };
		AFCF76301CBB7DE200F76D62 /* AFCheesePizza.m in Sources */ = {isa = PBXBuildFile; fileRef = AFCF762F1CBB7DE200F76D62 /* AFCheesePizza.m */; };
		AFCF76331CBB803E00F76D62 /* AFClamPizza.m in Sources */ = {isa = PBXBuildFile; fileRef = AFCF76321CBB803E00F76D62 /* AFClamPizza.m */; };
		AFCF76361CBB824C00F76D62 /* AFPizza.m in Sources */ = {isa = PBXBuildFile; fileRef = AFCF76351CBB824C00F76D62 /* AFPizza.m */; };
		AFCF763C1CBB845400F76D62 /* AFNYPizzaStore.m in Sources */ = {isa = PBXBuildFile; fileRef = AFCF763B1CBB845400F76D62 /* AFNYPizzaStore.m */; };
		AFCF763F1CBB846200F76D62 /* AFChicagoPizzaStore.m in Sources */ = {isa = PBXBuildFile; fileRef = AFCF763E1CBB846200F76D62 /* AFChicagoPizzaStore.m */; };
/* End PBXBuildFile section */

/* Begin PBXContainerItemProxy section */
		AF214FFF1CBAABE200FC4B20 /* PBXContainerItemProxy */ = {
			isa = PBXContainerItemProxy;
			containerPortal = AF214FDD1CBAABE200FC4B20 /* Project object */;
			proxyType = 1;
			remoteGlobalIDString = AF214FE41CBAABE200FC4B20;
			remoteInfo = DesignPatternDemo;
		};
		AF21500A1CBAABE200FC4B20 /* PBXContainerItemProxy */ = {
			isa = PBXContainerItemProxy;
			containerPortal = AF214FDD1CBAABE200FC4B20 /* Project object */;
			proxyType = 1;
			remoteGlobalIDString = AF214FE41CBAABE200FC4B20;
			remoteInfo = DesignPatternDemo;
		};
/* End PBXContainerItemProxy section */

/* Begin PBXFileReference section */
		AF214FE51CBAABE200FC4B20 /* DesignPatternDemo.app */ = {isa = PBXFileReference; explicitFileType = wrapper.application; includeInIndex = 0; path = DesignPatternDemo.app; sourceTree = BUILT_PRODUCTS_DIR; };
		AF214FE91CBAABE200FC4B20 /* main.m */ = {isa = PBXFileReference; lastKnownFileType = sourcecode.c.objc; path = main.m; sourceTree = "<group>"; };
		AF214FEB1CBAABE200FC4B20 /* AppDelegate.h */ = {isa = PBXFileReference; lastKnownFileType = sourcecode.c.h; path = AppDelegate.h; sourceTree = "<group>"; };
		AF214FEC1CBAABE200FC4B20 /* AppDelegate.m */ = {isa = PBXFileReference; lastKnownFileType = sourcecode.c.objc; path = AppDelegate.m; sourceTree = "<group>"; };
		AF214FEE1CBAABE200FC4B20 /* ViewController.h */ = {isa = PBXFileReference; lastKnownFileType = sourcecode.c.h; path = ViewController.h; sourceTree = "<group>"; };
		AF214FEF1CBAABE200FC4B20 /* ViewController.m */ = {isa = PBXFileReference; lastKnownFileType = sourcecode.c.objc; path = ViewController.m; sourceTree = "<group>"; };
		AF214FF21CBAABE200FC4B20 /* Base */ = {isa = PBXFileReference; lastKnownFileType = file.storyboard; name = Base; path = Base.lproj/Main.storyboard; sourceTree = "<group>"; };
		AF214FF41CBAABE200FC4B20 /* Assets.xcassets */ = {isa = PBXFileReference; lastKnownFileType = folder.assetcatalog; path = Assets.xcassets; sourceTree = "<group>"; };
		AF214FF71CBAABE200FC4B20 /* Base */ = {isa = PBXFileReference; lastKnownFileType = file.storyboard; name = Base; path = Base.lproj/LaunchScreen.storyboard; sourceTree = "<group>"; };
		AF214FF91CBAABE200FC4B20 /* Info.plist */ = {isa = PBXFileReference; lastKnownFileType = text.plist.xml; path = Info.plist; sourceTree = "<group>"; };
		AF214FFE1CBAABE200FC4B20 /* DesignPatternDemoTests.xctest */ = {isa = PBXFileReference; explicitFileType = wrapper.cfbundle; includeInIndex = 0; path = DesignPatternDemoTests.xctest; sourceTree = BUILT_PRODUCTS_DIR; };
		AF2150021CBAABE200FC4B20 /* DesignPatternDemoTests.m */ = {isa = PBXFileReference; lastKnownFileType = sourcecode.c.objc; path = DesignPatternDemoTests.m; sourceTree = "<group>"; };
		AF2150041CBAABE200FC4B20 /* Info.plist */ = {isa = PBXFileReference; lastKnownFileType = text.plist.xml; path = Info.plist; sourceTree = "<group>"; };
		AF2150091CBAABE200FC4B20 /* DesignPatternDemoUITests.xctest */ = {isa = PBXFileReference; explicitFileType = wrapper.cfbundle; includeInIndex = 0; path = DesignPatternDemoUITests.xctest; sourceTree = BUILT_PRODUCTS_DIR; };
		AF21500D1CBAABE200FC4B20 /* DesignPatternDemoUITests.m */ = {isa = PBXFileReference; lastKnownFileType = sourcecode.c.objc; path = DesignPatternDemoUITests.m; sourceTree = "<group>"; };
		AF21500F1CBAABE200FC4B20 /* Info.plist */ = {isa = PBXFileReference; lastKnownFileType = text.plist.xml; path = Info.plist; sourceTree = "<group>"; };
		AF4AE2D51CBF929700387E66 /* Planner.h */ = {isa = PBXFileReference; fileEncoding = 4; lastKnownFileType = sourcecode.c.h; path = Planner.h; sourceTree = "<group>"; };
		AF4AE2D61CBF929700387E66 /* Planner.m */ = {isa = PBXFileReference; fileEncoding = 4; lastKnownFileType = sourcecode.c.objc; path = Planner.m; sourceTree = "<group>"; };
		AF4AE2D81CBF940C00387E66 /* AbstractBuilder.h */ = {isa = PBXFileReference; fileEncoding = 4; lastKnownFileType = sourcecode.c.h; path = AbstractBuilder.h; sourceTree = "<group>"; };
		AF4AE2DB1CBF94B600387E66 /* VacationBuilder.h */ = {isa = PBXFileReference; fileEncoding = 4; lastKnownFileType = sourcecode.c.h; path = VacationBuilder.h; sourceTree = "<group>"; };
		AF4AE2DC1CBF94B600387E66 /* VacationBuilder.m */ = {isa = PBXFileReference; fileEncoding = 4; lastKnownFileType = sourcecode.c.objc; path = VacationBuilder.m; sourceTree = "<group>"; };
		AF4AE2DE1CBF968A00387E66 /* VacationPark.h */ = {isa = PBXFileReference; fileEncoding = 4; lastKnownFileType = sourcecode.c.h; path = VacationPark.h; sourceTree = "<group>"; };
		AF4AE2DF1CBF968A00387E66 /* VacationPark.m */ = {isa = PBXFileReference; fileEncoding = 4; lastKnownFileType = sourcecode.c.objc; path = VacationPark.m; sourceTree = "<group>"; };
		AF68E4C01CC32DA4001A3D7E /* OAUIViewController.h */ = {isa = PBXFileReference; fileEncoding = 4; lastKnownFileType = sourcecode.c.h; path = OAUIViewController.h; sourceTree = "<group>"; };
		AF68E4C11CC32DA4001A3D7E /* OAUIViewController.m */ = {isa = PBXFileReference; fileEncoding = 4; lastKnownFileType = sourcecode.c.objc; path = OAUIViewController.m; sourceTree = "<group>"; };
		AF68E4C31CC330E4001A3D7E /* OASelectObject.h */ = {isa = PBXFileReference; fileEncoding = 4; lastKnownFileType = sourcecode.c.h; path = OASelectObject.h; sourceTree = "<group>"; };
		AF68E4C41CC330E4001A3D7E /* OASelectObject.m */ = {isa = PBXFileReference; fileEncoding = 4; lastKnownFileType = sourcecode.c.objc; path = OASelectObject.m; sourceTree = "<group>"; };
		AF68E4C61CC33E1E001A3D7E /* EATarget.h */ = {isa = PBXFileReference; fileEncoding = 4; lastKnownFileType = sourcecode.c.h; path = EATarget.h; sourceTree = "<group>"; };
		AF68E4C91CC33E49001A3D7E /* EAAdaptee.h */ = {isa = PBXFileReference; fileEncoding = 4; lastKnownFileType = sourcecode.c.h; path = EAAdaptee.h; sourceTree = "<group>"; };
		AF68E4CA1CC33E49001A3D7E /* EAAdaptee.m */ = {isa = PBXFileReference; fileEncoding = 4; lastKnownFileType = sourcecode.c.objc; path = EAAdaptee.m; sourceTree = "<group>"; };
		AF68E4CC1CC33E5D001A3D7E /* EAAdapter.h */ = {isa = PBXFileReference; fileEncoding = 4; lastKnownFileType = sourcecode.c.h; path = EAAdapter.h; sourceTree = "<group>"; };
		AF68E4CD1CC33E5D001A3D7E /* EAAdapter.m */ = {isa = PBXFileReference; fileEncoding = 4; lastKnownFileType = sourcecode.c.objc; path = EAAdapter.m; sourceTree = "<group>"; };
		AFA8030F1CBE0A2700EBE42A /* SingletonGCDObject.h */ = {isa = PBXFileReference; fileEncoding = 4; lastKnownFileType = sourcecode.c.h; path = SingletonGCDObject.h; sourceTree = "<group>"; };
		AFA803101CBE0A2700EBE42A /* SingletonGCDObject.m */ = {isa = PBXFileReference; fileEncoding = 4; lastKnownFileType = sourcecode.c.objc; path = SingletonGCDObject.m; sourceTree = "<group>"; };
		AFA803121CBE0A8200EBE42A /* SingletonSynObject.h */ = {isa = PBXFileReference; fileEncoding = 4; lastKnownFileType = sourcecode.c.h; path = SingletonSynObject.h; sourceTree = "<group>"; };
		AFA803131CBE0A8200EBE42A /* SingletonSynObject.m */ = {isa = PBXFileReference; fileEncoding = 4; lastKnownFileType = sourcecode.c.objc; path = SingletonSynObject.m; sourceTree = "<group>"; };
		AFA803151CBE0B1800EBE42A /* SingletonInitializeObject.h */ = {isa = PBXFileReference; fileEncoding = 4; lastKnownFileType = sourcecode.c.h; path = SingletonInitializeObject.h; sourceTree = "<group>"; };
		AFA803161CBE0B1800EBE42A /* SingletonInitializeObject.m */ = {isa = PBXFileReference; fileEncoding = 4; lastKnownFileType = sourcecode.c.objc; path = SingletonInitializeObject.m; sourceTree = "<group>"; };
		AFA803191CBE0B9300EBE42A /* PrototypeObject.h */ = {isa = PBXFileReference; fileEncoding = 4; lastKnownFileType = sourcecode.c.h; path = PrototypeObject.h; sourceTree = "<group>"; };
		AFA8031A1CBE0B9300EBE42A /* PrototypeObject.m */ = {isa = PBXFileReference; fileEncoding = 4; lastKnownFileType = sourcecode.c.objc; path = PrototypeObject.m; sourceTree = "<group>"; };
		AFCF75E01CBB3FC000F76D62 /* SFPizzaSimpleFactory.h */ = {isa = PBXFileReference; fileEncoding = 4; lastKnownFileType = sourcecode.c.h; path = SFPizzaSimpleFactory.h; sourceTree = "<group>"; };
		AFCF75E11CBB3FC000F76D62 /* SFPizzaSimpleFactory.m */ = {isa = PBXFileReference; fileEncoding = 4; lastKnownFileType = sourcecode.c.objc; path = SFPizzaSimpleFactory.m; sourceTree = "<group>"; };
		AFCF75E31CBB3FD300F76D62 /* SFPizza.h */ = {isa = PBXFileReference; fileEncoding = 4; lastKnownFileType = sourcecode.c.h; path = SFPizza.h; sourceTree = "<group>"; };
		AFCF75E41CBB3FD300F76D62 /* SFPizza.m */ = {isa = PBXFileReference; fileEncoding = 4; lastKnownFileType = sourcecode.c.objc; path = SFPizza.m; sourceTree = "<group>"; };
		AFCF75E61CBB3FEA00F76D62 /* SFCheesePizza.h */ = {isa = PBXFileReference; fileEncoding = 4; lastKnownFileType = sourcecode.c.h; path = SFCheesePizza.h; sourceTree = "<group>"; };
		AFCF75E71CBB3FEA00F76D62 /* SFCheesePizza.m */ = {isa = PBXFileReference; fileEncoding = 4; lastKnownFileType = sourcecode.c.objc; path = SFCheesePizza.m; sourceTree = "<group>"; };
		AFCF75E91CBB407300F76D62 /* SFClamPizza.h */ = {isa = PBXFileReference; fileEncoding = 4; lastKnownFileType = sourcecode.c.h; path = SFClamPizza.h; sourceTree = "<group>"; };
		AFCF75EA1CBB407300F76D62 /* SFClamPizza.m */ = {isa = PBXFileReference; fileEncoding = 4; lastKnownFileType = sourcecode.c.objc; path = SFClamPizza.m; sourceTree = "<group>"; };
		AFCF75EF1CBB479500F76D62 /* SFPizzaStore.h */ = {isa = PBXFileReference; fileEncoding = 4; lastKnownFileType = sourcecode.c.h; path = SFPizzaStore.h; sourceTree = "<group>"; };
		AFCF75F01CBB479500F76D62 /* SFPizzaStore.m */ = {isa = PBXFileReference; fileEncoding = 4; lastKnownFileType = sourcecode.c.objc; path = SFPizzaStore.m; sourceTree = "<group>"; };
		AFCF75F51CBB56CE00F76D62 /* FMPizzaStore.h */ = {isa = PBXFileReference; fileEncoding = 4; lastKnownFileType = sourcecode.c.h; path = FMPizzaStore.h; sourceTree = "<group>"; };
		AFCF75F81CBB570700F76D62 /* FMPizza.h */ = {isa = PBXFileReference; fileEncoding = 4; lastKnownFileType = sourcecode.c.h; path = FMPizza.h; sourceTree = "<group>"; };
		AFCF75F91CBB570700F76D62 /* FMPizza.m */ = {isa = PBXFileReference; fileEncoding = 4; lastKnownFileType = sourcecode.c.objc; path = FMPizza.m; sourceTree = "<group>"; };
		AFCF75FB1CBB57CB00F76D62 /* FMNYPizzaStore.h */ = {isa = PBXFileReference; fileEncoding = 4; lastKnownFileType = sourcecode.c.h; path = FMNYPizzaStore.h; sourceTree = "<group>"; };
		AFCF75FC1CBB57CB00F76D62 /* FMNYPizzaStore.m */ = {isa = PBXFileReference; fileEncoding = 4; lastKnownFileType = sourcecode.c.objc; path = FMNYPizzaStore.m; sourceTree = "<group>"; };
		AFCF75FE1CBB57E400F76D62 /* FMChicagoPizzaStore.h */ = {isa = PBXFileReference; fileEncoding = 4; lastKnownFileType = sourcecode.c.h; path = FMChicagoPizzaStore.h; sourceTree = "<group>"; };
		AFCF75FF1CBB57E400F76D62 /* FMChicagoPizzaStore.m */ = {isa = PBXFileReference; fileEncoding = 4; lastKnownFileType = sourcecode.c.objc; path = FMChicagoPizzaStore.m; sourceTree = "<group>"; };
		AFCF76011CBB589400F76D62 /* FMNYCheesePizza.h */ = {isa = PBXFileReference; fileEncoding = 4; lastKnownFileType = sourcecode.c.h; path = FMNYCheesePizza.h; sourceTree = "<group>"; };
		AFCF76021CBB589400F76D62 /* FMNYCheesePizza.m */ = {isa = PBXFileReference; fileEncoding = 4; lastKnownFileType = sourcecode.c.objc; path = FMNYCheesePizza.m; sourceTree = "<group>"; };
		AFCF76041CBB58A400F76D62 /* FMNYClamPizza.h */ = {isa = PBXFileReference; fileEncoding = 4; lastKnownFileType = sourcecode.c.h; path = FMNYClamPizza.h; sourceTree = "<group>"; };
		AFCF76051CBB58A400F76D62 /* FMNYClamPizza.m */ = {isa = PBXFileReference; fileEncoding = 4; lastKnownFileType = sourcecode.c.objc; path = FMNYClamPizza.m; sourceTree = "<group>"; };
		AFCF76071CBB58B300F76D62 /* FMChicagoCheesePizza.h */ = {isa = PBXFileReference; fileEncoding = 4; lastKnownFileType = sourcecode.c.h; path = FMChicagoCheesePizza.h; sourceTree = "<group>"; };
		AFCF76081CBB58B300F76D62 /* FMChicagoCheesePizza.m */ = {isa = PBXFileReference; fileEncoding = 4; lastKnownFileType = sourcecode.c.objc; path = FMChicagoCheesePizza.m; sourceTree = "<group>"; };
		AFCF760A1CBB58C700F76D62 /* FMChicagoClamPizza.h */ = {isa = PBXFileReference; fileEncoding = 4; lastKnownFileType = sourcecode.c.h; path = FMChicagoClamPizza.h; sourceTree = "<group>"; };
		AFCF760B1CBB58C700F76D62 /* FMChicagoClamPizza.m */ = {isa = PBXFileReference; fileEncoding = 4; lastKnownFileType = sourcecode.c.objc; path = FMChicagoClamPizza.m; sourceTree = "<group>"; };
		AFCF760D1CBB79FF00F76D62 /* AFPizzaIngredientFactory.h */ = {isa = PBXFileReference; fileEncoding = 4; lastKnownFileType = sourcecode.c.h; path = AFPizzaIngredientFactory.h; sourceTree = "<group>"; };
		AFCF76101CBB7A3600F76D62 /* AFCheese.h */ = {isa = PBXFileReference; fileEncoding = 4; lastKnownFileType = sourcecode.c.h; path = AFCheese.h; sourceTree = "<group>"; };
		AFCF76111CBB7A3600F76D62 /* AFCheese.m */ = {isa = PBXFileReference; fileEncoding = 4; lastKnownFileType = sourcecode.c.objc; path = AFCheese.m; sourceTree = "<group>"; };
		AFCF76131CBB7A4500F76D62 /* AFClam.h */ = {isa = PBXFileReference; fileEncoding = 4; lastKnownFileType = sourcecode.c.h; path = AFClam.h; sourceTree = "<group>"; };
		AFCF76141CBB7A4500F76D62 /* AFClam.m */ = {isa = PBXFileReference; fileEncoding = 4; lastKnownFileType = sourcecode.c.objc; path = AFClam.m; sourceTree = "<group>"; };
		AFCF76161CBB7A9400F76D62 /* AFNYPizzaIngredientFactory.h */ = {isa = PBXFileReference; fileEncoding = 4; lastKnownFileType = sourcecode.c.h; path = AFNYPizzaIngredientFactory.h; sourceTree = "<group>"; };
		AFCF76171CBB7A9400F76D62 /* AFNYPizzaIngredientFactory.m */ = {isa = PBXFileReference; fileEncoding = 4; lastKnownFileType = sourcecode.c.objc; path = AFNYPizzaIngredientFactory.m; sourceTree = "<group>"; };
		AFCF76191CBB7AB000F76D62 /* AFChicagoIngredientFactory.h */ = {isa = PBXFileReference; fileEncoding = 4; lastKnownFileType = sourcecode.c.h; path = AFChicagoIngredientFactory.h; sourceTree = "<group>"; };
		AFCF761A1CBB7AB000F76D62 /* AFChicagoIngredientFactory.m */ = {isa = PBXFileReference; fileEncoding = 4; lastKnownFileType = sourcecode.c.objc; path = AFChicagoIngredientFactory.m; sourceTree = "<group>"; };
		AFCF761C1CBB7AF800F76D62 /* AFNYCheese.h */ = {isa = PBXFileReference; fileEncoding = 4; lastKnownFileType = sourcecode.c.h; path = AFNYCheese.h; sourceTree = "<group>"; };
		AFCF761D1CBB7AF800F76D62 /* AFNYCheese.m */ = {isa = PBXFileReference; fileEncoding = 4; lastKnownFileType = sourcecode.c.objc; path = AFNYCheese.m; sourceTree = "<group>"; };
		AFCF761F1CBB7B0700F76D62 /* AFChicagoCheese.h */ = {isa = PBXFileReference; fileEncoding = 4; lastKnownFileType = sourcecode.c.h; path = AFChicagoCheese.h; sourceTree = "<group>"; };
		AFCF76201CBB7B0700F76D62 /* AFChicagoCheese.m */ = {isa = PBXFileReference; fileEncoding = 4; lastKnownFileType = sourcecode.c.objc; path = AFChicagoCheese.m; sourceTree = "<group>"; };
		AFCF76221CBB7B1F00F76D62 /* AFNYClam.h */ = {isa = PBXFileReference; fileEncoding = 4; lastKnownFileType = sourcecode.c.h; path = AFNYClam.h; sourceTree = "<group>"; };
		AFCF76231CBB7B1F00F76D62 /* AFNYClam.m */ = {isa = PBXFileReference; fileEncoding = 4; lastKnownFileType = sourcecode.c.objc; path = AFNYClam.m; sourceTree = "<group>"; };
		AFCF76251CBB7B2E00F76D62 /* AFChicagoClam.h */ = {isa = PBXFileReference; fileEncoding = 4; lastKnownFileType = sourcecode.c.h; path = AFChicagoClam.h; sourceTree = "<group>"; };
		AFCF76261CBB7B2E00F76D62 /* AFChicagoClam.m */ = {isa = PBXFileReference; fileEncoding = 4; lastKnownFileType = sourcecode.c.objc; path = AFChicagoClam.m; sourceTree = "<group>"; };
		AFCF762B1CBB7CF300F76D62 /* AFSauce.h */ = {isa = PBXFileReference; fileEncoding = 4; lastKnownFileType = sourcecode.c.h; path = AFSauce.h; sourceTree = "<group>"; };
		AFCF762C1CBB7CF300F76D62 /* AFSauce.m */ = {isa = PBXFileReference; fileEncoding = 4; lastKnownFileType = sourcecode.c.objc; path = AFSauce.m; sourceTree = "<group>"; };
		AFCF762E1CBB7DE200F76D62 /* AFCheesePizza.h */ = {isa = PBXFileReference; fileEncoding = 4; lastKnownFileType = sourcecode.c.h; path = AFCheesePizza.h; sourceTree = "<group>"; };
		AFCF762F1CBB7DE200F76D62 /* AFCheesePizza.m */ = {isa = PBXFileReference; fileEncoding = 4; lastKnownFileType = sourcecode.c.objc; path = AFCheesePizza.m; sourceTree = "<group>"; };
		AFCF76311CBB803E00F76D62 /* AFClamPizza.h */ = {isa = PBXFileReference; fileEncoding = 4; lastKnownFileType = sourcecode.c.h; path = AFClamPizza.h; sourceTree = "<group>"; };
		AFCF76321CBB803E00F76D62 /* AFClamPizza.m */ = {isa = PBXFileReference; fileEncoding = 4; lastKnownFileType = sourcecode.c.objc; path = AFClamPizza.m; sourceTree = "<group>"; };
		AFCF76341CBB824C00F76D62 /* AFPizza.h */ = {isa = PBXFileReference; fileEncoding = 4; lastKnownFileType = sourcecode.c.h; path = AFPizza.h; sourceTree = "<group>"; };
		AFCF76351CBB824C00F76D62 /* AFPizza.m */ = {isa = PBXFileReference; fileEncoding = 4; lastKnownFileType = sourcecode.c.objc; path = AFPizza.m; sourceTree = "<group>"; };
		AFCF76371CBB83B500F76D62 /* AFPizzaStore.h */ = {isa = PBXFileReference; fileEncoding = 4; lastKnownFileType = sourcecode.c.h; path = AFPizzaStore.h; sourceTree = "<group>"; };
		AFCF763A1CBB845400F76D62 /* AFNYPizzaStore.h */ = {isa = PBXFileReference; fileEncoding = 4; lastKnownFileType = sourcecode.c.h; path = AFNYPizzaStore.h; sourceTree = "<group>"; };
		AFCF763B1CBB845400F76D62 /* AFNYPizzaStore.m */ = {isa = PBXFileReference; fileEncoding = 4; lastKnownFileType = sourcecode.c.objc; path = AFNYPizzaStore.m; sourceTree = "<group>"; };
		AFCF763D1CBB846200F76D62 /* AFChicagoPizzaStore.h */ = {isa = PBXFileReference; fileEncoding = 4; lastKnownFileType = sourcecode.c.h; path = AFChicagoPizzaStore.h; sourceTree = "<group>"; };
		AFCF763E1CBB846200F76D62 /* AFChicagoPizzaStore.m */ = {isa = PBXFileReference; fileEncoding = 4; lastKnownFileType = sourcecode.c.objc; path = AFChicagoPizzaStore.m; sourceTree = "<group>"; };
/* End PBXFileReference section */

/* Begin PBXFrameworksBuildPhase section */
		AF214FE21CBAABE200FC4B20 /* Frameworks */ = {
			isa = PBXFrameworksBuildPhase;
			buildActionMask = 2147483647;
			files = (
			);
			runOnlyForDeploymentPostprocessing = 0;
		};
		AF214FFB1CBAABE200FC4B20 /* Frameworks */ = {
			isa = PBXFrameworksBuildPhase;
			buildActionMask = 2147483647;
			files = (
			);
			runOnlyForDeploymentPostprocessing = 0;
		};
		AF2150061CBAABE200FC4B20 /* Frameworks */ = {
			isa = PBXFrameworksBuildPhase;
			buildActionMask = 2147483647;
			files = (
			);
			runOnlyForDeploymentPostprocessing = 0;
		};
/* End PBXFrameworksBuildPhase section */

/* Begin PBXGroup section */
		AF214FDC1CBAABE200FC4B20 = {
			isa = PBXGroup;
			children = (
				AF214FE71CBAABE200FC4B20 /* DesignPatternDemo */,
				AF2150011CBAABE200FC4B20 /* DesignPatternDemoTests */,
				AF21500C1CBAABE200FC4B20 /* DesignPatternDemoUITests */,
				AF214FE61CBAABE200FC4B20 /* Products */,
			);
			sourceTree = "<group>";
		};
		AF214FE61CBAABE200FC4B20 /* Products */ = {
			isa = PBXGroup;
			children = (
				AF214FE51CBAABE200FC4B20 /* DesignPatternDemo.app */,
				AF214FFE1CBAABE200FC4B20 /* DesignPatternDemoTests.xctest */,
				AF2150091CBAABE200FC4B20 /* DesignPatternDemoUITests.xctest */,
			);
			name = Products;
			sourceTree = "<group>";
		};
		AF214FE71CBAABE200FC4B20 /* DesignPatternDemo */ = {
			isa = PBXGroup;
			children = (
				AF68E4BD1CC31F36001A3D7E /* Adapter */,
				AFA8031C1CBE0CF500EBE42A /* Builder */,
				AFA803181CBE0B6600EBE42A /* Prototype */,
				AFCF75F21CBB502B00F76D62 /* AbstractFactory */,
				AFCF75F31CBB502B00F76D62 /* FactoryMethod */,
				AFCF75F41CBB502B00F76D62 /* Singleton */,
				AF21501B1CBAAC1900FC4B20 /* SimpleFactory */,
				AF214FEB1CBAABE200FC4B20 /* AppDelegate.h */,
				AF214FEC1CBAABE200FC4B20 /* AppDelegate.m */,
				AF214FEE1CBAABE200FC4B20 /* ViewController.h */,
				AF214FEF1CBAABE200FC4B20 /* ViewController.m */,
				AF214FF11CBAABE200FC4B20 /* Main.storyboard */,
				AF214FF41CBAABE200FC4B20 /* Assets.xcassets */,
				AF214FF61CBAABE200FC4B20 /* LaunchScreen.storyboard */,
				AF214FF91CBAABE200FC4B20 /* Info.plist */,
				AF214FE81CBAABE200FC4B20 /* Supporting Files */,
			);
			path = DesignPatternDemo;
			sourceTree = "<group>";
		};
		AF214FE81CBAABE200FC4B20 /* Supporting Files */ = {
			isa = PBXGroup;
			children = (
				AF214FE91CBAABE200FC4B20 /* main.m */,
			);
			name = "Supporting Files";
			sourceTree = "<group>";
		};
		AF2150011CBAABE200FC4B20 /* DesignPatternDemoTests */ = {
			isa = PBXGroup;
			children = (
				AF2150021CBAABE200FC4B20 /* DesignPatternDemoTests.m */,
				AF2150041CBAABE200FC4B20 /* Info.plist */,
			);
			path = DesignPatternDemoTests;
			sourceTree = "<group>";
		};
		AF21500C1CBAABE200FC4B20 /* DesignPatternDemoUITests */ = {
			isa = PBXGroup;
			children = (
				AF21500D1CBAABE200FC4B20 /* DesignPatternDemoUITests.m */,
				AF21500F1CBAABE200FC4B20 /* Info.plist */,
			);
			path = DesignPatternDemoUITests;
			sourceTree = "<group>";
		};
		AF21501B1CBAAC1900FC4B20 /* SimpleFactory */ = {
			isa = PBXGroup;
			children = (
				AFCF75E31CBB3FD300F76D62 /* SFPizza.h */,
				AFCF75E41CBB3FD300F76D62 /* SFPizza.m */,
				AFCF75E61CBB3FEA00F76D62 /* SFCheesePizza.h */,
				AFCF75E71CBB3FEA00F76D62 /* SFCheesePizza.m */,
				AFCF75E91CBB407300F76D62 /* SFClamPizza.h */,
				AFCF75EA1CBB407300F76D62 /* SFClamPizza.m */,
				AFCF75E01CBB3FC000F76D62 /* SFPizzaSimpleFactory.h */,
				AFCF75E11CBB3FC000F76D62 /* SFPizzaSimpleFactory.m */,
				AFCF75EF1CBB479500F76D62 /* SFPizzaStore.h */,
				AFCF75F01CBB479500F76D62 /* SFPizzaStore.m */,
			);
			path = SimpleFactory;
			sourceTree = "<group>";
		};
		AF68E4BD1CC31F36001A3D7E /* Adapter */ = {
			isa = PBXGroup;
			children = (
				AF68E4BE1CC31F36001A3D7E /* ExtendsAdapter */,
				AF68E4BF1CC31F36001A3D7E /* ObjectAdapater */,
			);
			path = Adapter;
			sourceTree = "<group>";
		};
		AF68E4BE1CC31F36001A3D7E /* ExtendsAdapter */ = {
			isa = PBXGroup;
			children = (
				AF68E4C61CC33E1E001A3D7E /* EATarget.h */,
				AF68E4C91CC33E49001A3D7E /* EAAdaptee.h */,
				AF68E4CA1CC33E49001A3D7E /* EAAdaptee.m */,
				AF68E4CC1CC33E5D001A3D7E /* EAAdapter.h */,
				AF68E4CD1CC33E5D001A3D7E /* EAAdapter.m */,
			);
			path = ExtendsAdapter;
			sourceTree = "<group>";
		};
		AF68E4BF1CC31F36001A3D7E /* ObjectAdapater */ = {
			isa = PBXGroup;
			children = (
				AF68E4C01CC32DA4001A3D7E /* OAUIViewController.h */,
				AF68E4C11CC32DA4001A3D7E /* OAUIViewController.m */,
				AF68E4C31CC330E4001A3D7E /* OASelectObject.h */,
				AF68E4C41CC330E4001A3D7E /* OASelectObject.m */,
			);
			path = ObjectAdapater;
			sourceTree = "<group>";
		};
		AFA803181CBE0B6600EBE42A /* Prototype */ = {
			isa = PBXGroup;
			children = (
				AFA803191CBE0B9300EBE42A /* PrototypeObject.h */,
				AFA8031A1CBE0B9300EBE42A /* PrototypeObject.m */,
			);
			path = Prototype;
			sourceTree = "<group>";
		};
		AFA8031C1CBE0CF500EBE42A /* Builder */ = {
			isa = PBXGroup;
			children = (
				AF4AE2D51CBF929700387E66 /* Planner.h */,
				AF4AE2D61CBF929700387E66 /* Planner.m */,
				AF4AE2D81CBF940C00387E66 /* AbstractBuilder.h */,
				AF4AE2DB1CBF94B600387E66 /* VacationBuilder.h */,
				AF4AE2DC1CBF94B600387E66 /* VacationBuilder.m */,
				AF4AE2DE1CBF968A00387E66 /* VacationPark.h */,
				AF4AE2DF1CBF968A00387E66 /* VacationPark.m */,
			);
			path = Builder;
			sourceTree = "<group>";
		};
		AFCF75F21CBB502B00F76D62 /* AbstractFactory */ = {
			isa = PBXGroup;
			children = (
				AFCF76101CBB7A3600F76D62 /* AFCheese.h */,
				AFCF76111CBB7A3600F76D62 /* AFCheese.m */,
				AFCF761C1CBB7AF800F76D62 /* AFNYCheese.h */,
				AFCF761D1CBB7AF800F76D62 /* AFNYCheese.m */,
				AFCF761F1CBB7B0700F76D62 /* AFChicagoCheese.h */,
				AFCF76201CBB7B0700F76D62 /* AFChicagoCheese.m */,
				AFCF76131CBB7A4500F76D62 /* AFClam.h */,
				AFCF76141CBB7A4500F76D62 /* AFClam.m */,
				AFCF76221CBB7B1F00F76D62 /* AFNYClam.h */,
				AFCF76231CBB7B1F00F76D62 /* AFNYClam.m */,
				AFCF76251CBB7B2E00F76D62 /* AFChicagoClam.h */,
				AFCF76261CBB7B2E00F76D62 /* AFChicagoClam.m */,
				AFCF762B1CBB7CF300F76D62 /* AFSauce.h */,
				AFCF762C1CBB7CF300F76D62 /* AFSauce.m */,
				AFCF76341CBB824C00F76D62 /* AFPizza.h */,
				AFCF76351CBB824C00F76D62 /* AFPizza.m */,
				AFCF762E1CBB7DE200F76D62 /* AFCheesePizza.h */,
				AFCF762F1CBB7DE200F76D62 /* AFCheesePizza.m */,
				AFCF76311CBB803E00F76D62 /* AFClamPizza.h */,
				AFCF76321CBB803E00F76D62 /* AFClamPizza.m */,
				AFCF760D1CBB79FF00F76D62 /* AFPizzaIngredientFactory.h */,
				AFCF76161CBB7A9400F76D62 /* AFNYPizzaIngredientFactory.h */,
				AFCF76171CBB7A9400F76D62 /* AFNYPizzaIngredientFactory.m */,
				AFCF76191CBB7AB000F76D62 /* AFChicagoIngredientFactory.h */,
				AFCF761A1CBB7AB000F76D62 /* AFChicagoIngredientFactory.m */,
				AFCF76371CBB83B500F76D62 /* AFPizzaStore.h */,
				AFCF763A1CBB845400F76D62 /* AFNYPizzaStore.h */,
				AFCF763B1CBB845400F76D62 /* AFNYPizzaStore.m */,
				AFCF763D1CBB846200F76D62 /* AFChicagoPizzaStore.h */,
				AFCF763E1CBB846200F76D62 /* AFChicagoPizzaStore.m */,
			);
			path = AbstractFactory;
			sourceTree = "<group>";
		};
		AFCF75F31CBB502B00F76D62 /* FactoryMethod */ = {
			isa = PBXGroup;
			children = (
				AFCF75F81CBB570700F76D62 /* FMPizza.h */,
				AFCF75F91CBB570700F76D62 /* FMPizza.m */,
				AFCF76011CBB589400F76D62 /* FMNYCheesePizza.h */,
				AFCF76021CBB589400F76D62 /* FMNYCheesePizza.m */,
				AFCF76041CBB58A400F76D62 /* FMNYClamPizza.h */,
				AFCF76051CBB58A400F76D62 /* FMNYClamPizza.m */,
				AFCF76071CBB58B300F76D62 /* FMChicagoCheesePizza.h */,
				AFCF76081CBB58B300F76D62 /* FMChicagoCheesePizza.m */,
				AFCF760A1CBB58C700F76D62 /* FMChicagoClamPizza.h */,
				AFCF760B1CBB58C700F76D62 /* FMChicagoClamPizza.m */,
				AFCF75F51CBB56CE00F76D62 /* FMPizzaStore.h */,
				AFCF75FB1CBB57CB00F76D62 /* FMNYPizzaStore.h */,
				AFCF75FC1CBB57CB00F76D62 /* FMNYPizzaStore.m */,
				AFCF75FE1CBB57E400F76D62 /* FMChicagoPizzaStore.h */,
				AFCF75FF1CBB57E400F76D62 /* FMChicagoPizzaStore.m */,
			);
			path = FactoryMethod;
			sourceTree = "<group>";
		};
		AFCF75F41CBB502B00F76D62 /* Singleton */ = {
			isa = PBXGroup;
			children = (
				AFA8030F1CBE0A2700EBE42A /* SingletonGCDObject.h */,
				AFA803101CBE0A2700EBE42A /* SingletonGCDObject.m */,
				AFA803121CBE0A8200EBE42A /* SingletonSynObject.h */,
				AFA803131CBE0A8200EBE42A /* SingletonSynObject.m */,
				AFA803151CBE0B1800EBE42A /* SingletonInitializeObject.h */,
				AFA803161CBE0B1800EBE42A /* SingletonInitializeObject.m */,
			);
			path = Singleton;
			sourceTree = "<group>";
		};
/* End PBXGroup section */

/* Begin PBXNativeTarget section */
		AF214FE41CBAABE200FC4B20 /* DesignPatternDemo */ = {
			isa = PBXNativeTarget;
			buildConfigurationList = AF2150121CBAABE200FC4B20 /* Build configuration list for PBXNativeTarget "DesignPatternDemo" */;
			buildPhases = (
				AF214FE11CBAABE200FC4B20 /* Sources */,
				AF214FE21CBAABE200FC4B20 /* Frameworks */,
				AF214FE31CBAABE200FC4B20 /* Resources */,
			);
			buildRules = (
			);
			dependencies = (
			);
			name = DesignPatternDemo;
			productName = DesignPatternDemo;
			productReference = AF214FE51CBAABE200FC4B20 /* DesignPatternDemo.app */;
			productType = "com.apple.product-type.application";
		};
		AF214FFD1CBAABE200FC4B20 /* DesignPatternDemoTests */ = {
			isa = PBXNativeTarget;
			buildConfigurationList = AF2150151CBAABE200FC4B20 /* Build configuration list for PBXNativeTarget "DesignPatternDemoTests" */;
			buildPhases = (
				AF214FFA1CBAABE200FC4B20 /* Sources */,
				AF214FFB1CBAABE200FC4B20 /* Frameworks */,
				AF214FFC1CBAABE200FC4B20 /* Resources */,
			);
			buildRules = (
			);
			dependencies = (
				AF2150001CBAABE200FC4B20 /* PBXTargetDependency */,
			);
			name = DesignPatternDemoTests;
			productName = DesignPatternDemoTests;
			productReference = AF214FFE1CBAABE200FC4B20 /* DesignPatternDemoTests.xctest */;
			productType = "com.apple.product-type.bundle.unit-test";
		};
		AF2150081CBAABE200FC4B20 /* DesignPatternDemoUITests */ = {
			isa = PBXNativeTarget;
			buildConfigurationList = AF2150181CBAABE200FC4B20 /* Build configuration list for PBXNativeTarget "DesignPatternDemoUITests" */;
			buildPhases = (
				AF2150051CBAABE200FC4B20 /* Sources */,
				AF2150061CBAABE200FC4B20 /* Frameworks */,
				AF2150071CBAABE200FC4B20 /* Resources */,
			);
			buildRules = (
			);
			dependencies = (
				AF21500B1CBAABE200FC4B20 /* PBXTargetDependency */,
			);
			name = DesignPatternDemoUITests;
			productName = DesignPatternDemoUITests;
			productReference = AF2150091CBAABE200FC4B20 /* DesignPatternDemoUITests.xctest */;
			productType = "com.apple.product-type.bundle.ui-testing";
		};
/* End PBXNativeTarget section */

/* Begin PBXProject section */
		AF214FDD1CBAABE200FC4B20 /* Project object */ = {
			isa = PBXProject;
			attributes = {
				LastUpgradeCheck = 0730;
				ORGANIZATIONNAME = game3108;
				TargetAttributes = {
					AF214FE41CBAABE200FC4B20 = {
						CreatedOnToolsVersion = 7.3;
						DevelopmentTeam = 2QKL8H8BDR;
					};
					AF214FFD1CBAABE200FC4B20 = {
						CreatedOnToolsVersion = 7.3;
						DevelopmentTeam = 2QKL8H8BDR;
						TestTargetID = AF214FE41CBAABE200FC4B20;
					};
					AF2150081CBAABE200FC4B20 = {
						CreatedOnToolsVersion = 7.3;
						DevelopmentTeam = 2QKL8H8BDR;
						TestTargetID = AF214FE41CBAABE200FC4B20;
					};
				};
			};
			buildConfigurationList = AF214FE01CBAABE200FC4B20 /* Build configuration list for PBXProject "DesignPatternDemo" */;
			compatibilityVersion = "Xcode 3.2";
			developmentRegion = English;
			hasScannedForEncodings = 0;
			knownRegions = (
				en,
				Base,
			);
			mainGroup = AF214FDC1CBAABE200FC4B20;
			productRefGroup = AF214FE61CBAABE200FC4B20 /* Products */;
			projectDirPath = "";
			projectRoot = "";
			targets = (
				AF214FE41CBAABE200FC4B20 /* DesignPatternDemo */,
				AF214FFD1CBAABE200FC4B20 /* DesignPatternDemoTests */,
				AF2150081CBAABE200FC4B20 /* DesignPatternDemoUITests */,
			);
		};
/* End PBXProject section */

/* Begin PBXResourcesBuildPhase section */
		AF214FE31CBAABE200FC4B20 /* Resources */ = {
			isa = PBXResourcesBuildPhase;
			buildActionMask = 2147483647;
			files = (
				AF214FF81CBAABE200FC4B20 /* LaunchScreen.storyboard in Resources */,
				AF214FF51CBAABE200FC4B20 /* Assets.xcassets in Resources */,
				AF214FF31CBAABE200FC4B20 /* Main.storyboard in Resources */,
			);
			runOnlyForDeploymentPostprocessing = 0;
		};
		AF214FFC1CBAABE200FC4B20 /* Resources */ = {
			isa = PBXResourcesBuildPhase;
			buildActionMask = 2147483647;
			files = (
			);
			runOnlyForDeploymentPostprocessing = 0;
		};
		AF2150071CBAABE200FC4B20 /* Resources */ = {
			isa = PBXResourcesBuildPhase;
			buildActionMask = 2147483647;
			files = (
			);
			runOnlyForDeploymentPostprocessing = 0;
		};
/* End PBXResourcesBuildPhase section */

/* Begin PBXSourcesBuildPhase section */
		AF214FE11CBAABE200FC4B20 /* Sources */ = {
			isa = PBXSourcesBuildPhase;
			buildActionMask = 2147483647;
			files = (
				AFCF763C1CBB845400F76D62 /* AFNYPizzaStore.m in Sources */,
				AF214FF01CBAABE200FC4B20 /* ViewController.m in Sources */,
				AFA8031B1CBE0B9300EBE42A /* PrototypeObject.m in Sources */,
				AFCF76331CBB803E00F76D62 /* AFClamPizza.m in Sources */,
				AFCF760C1CBB58C700F76D62 /* FMChicagoClamPizza.m in Sources */,
				AFCF75E51CBB3FD300F76D62 /* SFPizza.m in Sources */,
				AFCF75E81CBB3FEA00F76D62 /* SFCheesePizza.m in Sources */,
				AFA803141CBE0A8200EBE42A /* SingletonSynObject.m in Sources */,
				AFCF76001CBB57E400F76D62 /* FMChicagoPizzaStore.m in Sources */,
				AFCF75FA1CBB570700F76D62 /* FMPizza.m in Sources */,
				AF4AE2D71CBF929700387E66 /* Planner.m in Sources */,
				AFCF76361CBB824C00F76D62 /* AFPizza.m in Sources */,
				AFCF76181CBB7A9400F76D62 /* AFNYPizzaIngredientFactory.m in Sources */,
				AFCF76271CBB7B2E00F76D62 /* AFChicagoClam.m in Sources */,
				AFCF75FD1CBB57CB00F76D62 /* FMNYPizzaStore.m in Sources */,
				AF68E4CE1CC33E5D001A3D7E /* EAAdapter.m in Sources */,
				AFCF762D1CBB7CF300F76D62 /* AFSauce.m in Sources */,
				AF214FED1CBAABE200FC4B20 /* AppDelegate.m in Sources */,
				AFCF75E21CBB3FC000F76D62 /* SFPizzaSimpleFactory.m in Sources */,
				AF68E4C21CC32DA4001A3D7E /* OAUIViewController.m in Sources */,
				AFA803111CBE0A2700EBE42A /* SingletonGCDObject.m in Sources */,
				AFCF761E1CBB7AF800F76D62 /* AFNYCheese.m in Sources */,
				AF4AE2DD1CBF94B600387E66 /* VacationBuilder.m in Sources */,
				AFA803171CBE0B1800EBE42A /* SingletonInitializeObject.m in Sources */,
				AFCF76121CBB7A3600F76D62 /* AFCheese.m in Sources */,
				AFCF76241CBB7B1F00F76D62 /* AFNYClam.m in Sources */,
				AFCF76301CBB7DE200F76D62 /* AFCheesePizza.m in Sources */,
				AFCF75F11CBB479500F76D62 /* SFPizzaStore.m in Sources */,
				AFCF761B1CBB7AB000F76D62 /* AFChicagoIngredientFactory.m in Sources */,
				AFCF76031CBB589400F76D62 /* FMNYCheesePizza.m in Sources */,
				AF4AE2E01CBF968A00387E66 /* VacationPark.m in Sources */,
				AFCF76061CBB58A400F76D62 /* FMNYClamPizza.m in Sources */,
				AF68E4CB1CC33E49001A3D7E /* EAAdaptee.m in Sources */,
				AFCF76151CBB7A4500F76D62 /* AFClam.m in Sources */,
				AF68E4C51CC330E4001A3D7E /* OASelectObject.m in Sources */,
				AFCF76091CBB58B300F76D62 /* FMChicagoCheesePizza.m in Sources */,
				AFCF763F1CBB846200F76D62 /* AFChicagoPizzaStore.m in Sources */,
				AFCF75EB1CBB407300F76D62 /* SFClamPizza.m in Sources */,
				AF214FEA1CBAABE200FC4B20 /* main.m in Sources */,
				AFCF76211CBB7B0700F76D62 /* AFChicagoCheese.m in Sources */,
			);
			runOnlyForDeploymentPostprocessing = 0;
		};
		AF214FFA1CBAABE200FC4B20 /* Sources */ = {
			isa = PBXSourcesBuildPhase;
			buildActionMask = 2147483647;
			files = (
				AF2150031CBAABE200FC4B20 /* DesignPatternDemoTests.m in Sources */,
			);
			runOnlyForDeploymentPostprocessing = 0;
		};
		AF2150051CBAABE200FC4B20 /* Sources */ = {
			isa = PBXSourcesBuildPhase;
			buildActionMask = 2147483647;
			files = (
				AF21500E1CBAABE200FC4B20 /* DesignPatternDemoUITests.m in Sources */,
			);
			runOnlyForDeploymentPostprocessing = 0;
		};
/* End PBXSourcesBuildPhase section */

/* Begin PBXTargetDependency section */
		AF2150001CBAABE200FC4B20 /* PBXTargetDependency */ = {
			isa = PBXTargetDependency;
			target = AF214FE41CBAABE200FC4B20 /* DesignPatternDemo */;
			targetProxy = AF214FFF1CBAABE200FC4B20 /* PBXContainerItemProxy */;
		};
		AF21500B1CBAABE200FC4B20 /* PBXTargetDependency */ = {
			isa = PBXTargetDependency;
			target = AF214FE41CBAABE200FC4B20 /* DesignPatternDemo */;
			targetProxy = AF21500A1CBAABE200FC4B20 /* PBXContainerItemProxy */;
		};
/* End PBXTargetDependency section */

/* Begin PBXVariantGroup section */
		AF214FF11CBAABE200FC4B20 /* Main.storyboard */ = {
			isa = PBXVariantGroup;
			children = (
				AF214FF21CBAABE200FC4B20 /* Base */,
			);
			name = Main.storyboard;
			sourceTree = "<group>";
		};
		AF214FF61CBAABE200FC4B20 /* LaunchScreen.storyboard */ = {
			isa = PBXVariantGroup;
			children = (
				AF214FF71CBAABE200FC4B20 /* Base */,
			);
			name = LaunchScreen.storyboard;
			sourceTree = "<group>";
		};
/* End PBXVariantGroup section */

/* Begin XCBuildConfiguration section */
		AF2150101CBAABE200FC4B20 /* Debug */ = {
			isa = XCBuildConfiguration;
			buildSettings = {
				ALWAYS_SEARCH_USER_PATHS = NO;
				CLANG_ANALYZER_NONNULL = YES;
				CLANG_CXX_LANGUAGE_STANDARD = "gnu++0x";
				CLANG_CXX_LIBRARY = "libc++";
				CLANG_ENABLE_MODULES = YES;
				CLANG_ENABLE_OBJC_ARC = YES;
				CLANG_WARN_BOOL_CONVERSION = YES;
				CLANG_WARN_CONSTANT_CONVERSION = YES;
				CLANG_WARN_DIRECT_OBJC_ISA_USAGE = YES_ERROR;
				CLANG_WARN_EMPTY_BODY = YES;
				CLANG_WARN_ENUM_CONVERSION = YES;
				CLANG_WARN_INT_CONVERSION = YES;
				CLANG_WARN_OBJC_ROOT_CLASS = YES_ERROR;
				CLANG_WARN_UNREACHABLE_CODE = YES;
				CLANG_WARN__DUPLICATE_METHOD_MATCH = YES;
				"CODE_SIGN_IDENTITY[sdk=iphoneos*]" = "iPhone Developer";
				COPY_PHASE_STRIP = NO;
				DEBUG_INFORMATION_FORMAT = dwarf;
				ENABLE_STRICT_OBJC_MSGSEND = YES;
				ENABLE_TESTABILITY = YES;
				GCC_C_LANGUAGE_STANDARD = gnu99;
				GCC_DYNAMIC_NO_PIC = NO;
				GCC_NO_COMMON_BLOCKS = YES;
				GCC_OPTIMIZATION_LEVEL = 0;
				GCC_PREPROCESSOR_DEFINITIONS = (
					"DEBUG=1",
					"$(inherited)",
				);
				GCC_WARN_64_TO_32_BIT_CONVERSION = YES;
				GCC_WARN_ABOUT_RETURN_TYPE = YES_ERROR;
				GCC_WARN_UNDECLARED_SELECTOR = YES;
				GCC_WARN_UNINITIALIZED_AUTOS = YES_AGGRESSIVE;
				GCC_WARN_UNUSED_FUNCTION = YES;
				GCC_WARN_UNUSED_VARIABLE = YES;
				IPHONEOS_DEPLOYMENT_TARGET = 9.3;
				MTL_ENABLE_DEBUG_INFO = YES;
				ONLY_ACTIVE_ARCH = YES;
				SDKROOT = iphoneos;
				TARGETED_DEVICE_FAMILY = "1,2";
			};
			name = Debug;
		};
		AF2150111CBAABE200FC4B20 /* Release */ = {
			isa = XCBuildConfiguration;
			buildSettings = {
				ALWAYS_SEARCH_USER_PATHS = NO;
				CLANG_ANALYZER_NONNULL = YES;
				CLANG_CXX_LANGUAGE_STANDARD = "gnu++0x";
				CLANG_CXX_LIBRARY = "libc++";
				CLANG_ENABLE_MODULES = YES;
				CLANG_ENABLE_OBJC_ARC = YES;
				CLANG_WARN_BOOL_CONVERSION = YES;
				CLANG_WARN_CONSTANT_CONVERSION = YES;
				CLANG_WARN_DIRECT_OBJC_ISA_USAGE = YES_ERROR;
				CLANG_WARN_EMPTY_BODY = YES;
				CLANG_WARN_ENUM_CONVERSION = YES;
				CLANG_WARN_INT_CONVERSION = YES;
				CLANG_WARN_OBJC_ROOT_CLASS = YES_ERROR;
				CLANG_WARN_UNREACHABLE_CODE = YES;
				CLANG_WARN__DUPLICATE_METHOD_MATCH = YES;
				"CODE_SIGN_IDENTITY[sdk=iphoneos*]" = "iPhone Developer";
				COPY_PHASE_STRIP = NO;
				DEBUG_INFORMATION_FORMAT = "dwarf-with-dsym";
				ENABLE_NS_ASSERTIONS = NO;
				ENABLE_STRICT_OBJC_MSGSEND = YES;
				GCC_C_LANGUAGE_STANDARD = gnu99;
				GCC_NO_COMMON_BLOCKS = YES;
				GCC_WARN_64_TO_32_BIT_CONVERSION = YES;
				GCC_WARN_ABOUT_RETURN_TYPE = YES_ERROR;
				GCC_WARN_UNDECLARED_SELECTOR = YES;
				GCC_WARN_UNINITIALIZED_AUTOS = YES_AGGRESSIVE;
				GCC_WARN_UNUSED_FUNCTION = YES;
				GCC_WARN_UNUSED_VARIABLE = YES;
				IPHONEOS_DEPLOYMENT_TARGET = 9.3;
				MTL_ENABLE_DEBUG_INFO = NO;
				SDKROOT = iphoneos;
				TARGETED_DEVICE_FAMILY = "1,2";
				VALIDATE_PRODUCT = YES;
			};
			name = Release;
		};
		AF2150131CBAABE200FC4B20 /* Debug */ = {
			isa = XCBuildConfiguration;
			buildSettings = {
				ASSETCATALOG_COMPILER_APPICON_NAME = AppIcon;
				INFOPLIST_FILE = DesignPatternDemo/Info.plist;
				LD_RUNPATH_SEARCH_PATHS = "$(inherited) @executable_path/Frameworks";
				PRODUCT_BUNDLE_IDENTIFIER = game3108.DesignPatternDemo;
				PRODUCT_NAME = "$(TARGET_NAME)";
			};
			name = Debug;
		};
		AF2150141CBAABE200FC4B20 /* Release */ = {
			isa = XCBuildConfiguration;
			buildSettings = {
				ASSETCATALOG_COMPILER_APPICON_NAME = AppIcon;
				INFOPLIST_FILE = DesignPatternDemo/Info.plist;
				LD_RUNPATH_SEARCH_PATHS = "$(inherited) @executable_path/Frameworks";
				PRODUCT_BUNDLE_IDENTIFIER = game3108.DesignPatternDemo;
				PRODUCT_NAME = "$(TARGET_NAME)";
			};
			name = Release;
		};
		AF2150161CBAABE200FC4B20 /* Debug */ = {
			isa = XCBuildConfiguration;
			buildSettings = {
				BUNDLE_LOADER = "$(TEST_HOST)";
				INFOPLIST_FILE = DesignPatternDemoTests/Info.plist;
				LD_RUNPATH_SEARCH_PATHS = "$(inherited) @executable_path/Frameworks @loader_path/Frameworks";
				PRODUCT_BUNDLE_IDENTIFIER = game3108.DesignPatternDemoTests;
				PRODUCT_NAME = "$(TARGET_NAME)";
				TEST_HOST = "$(BUILT_PRODUCTS_DIR)/DesignPatternDemo.app/DesignPatternDemo";
			};
			name = Debug;
		};
		AF2150171CBAABE200FC4B20 /* Release */ = {
			isa = XCBuildConfiguration;
			buildSettings = {
				BUNDLE_LOADER = "$(TEST_HOST)";
				INFOPLIST_FILE = DesignPatternDemoTests/Info.plist;
				LD_RUNPATH_SEARCH_PATHS = "$(inherited) @executable_path/Frameworks @loader_path/Frameworks";
				PRODUCT_BUNDLE_IDENTIFIER = game3108.DesignPatternDemoTests;
				PRODUCT_NAME = "$(TARGET_NAME)";
				TEST_HOST = "$(BUILT_PRODUCTS_DIR)/DesignPatternDemo.app/DesignPatternDemo";
			};
			name = Release;
		};
		AF2150191CBAABE200FC4B20 /* Debug */ = {
			isa = XCBuildConfiguration;
			buildSettings = {
				INFOPLIST_FILE = DesignPatternDemoUITests/Info.plist;
				LD_RUNPATH_SEARCH_PATHS = "$(inherited) @executable_path/Frameworks @loader_path/Frameworks";
				PRODUCT_BUNDLE_IDENTIFIER = game3108.DesignPatternDemoUITests;
				PRODUCT_NAME = "$(TARGET_NAME)";
				TEST_TARGET_NAME = DesignPatternDemo;
			};
			name = Debug;
		};
		AF21501A1CBAABE200FC4B20 /* Release */ = {
			isa = XCBuildConfiguration;
			buildSettings = {
				INFOPLIST_FILE = DesignPatternDemoUITests/Info.plist;
				LD_RUNPATH_SEARCH_PATHS = "$(inherited) @executable_path/Frameworks @loader_path/Frameworks";
				PRODUCT_BUNDLE_IDENTIFIER = game3108.DesignPatternDemoUITests;
				PRODUCT_NAME = "$(TARGET_NAME)";
				TEST_TARGET_NAME = DesignPatternDemo;
			};
			name = Release;
		};
/* End XCBuildConfiguration section */

/* Begin XCConfigurationList section */
		AF214FE01CBAABE200FC4B20 /* Build configuration list for PBXProject "DesignPatternDemo" */ = {
			isa = XCConfigurationList;
			buildConfigurations = (
				AF2150101CBAABE200FC4B20 /* Debug */,
				AF2150111CBAABE200FC4B20 /* Release */,
			);
			defaultConfigurationIsVisible = 0;
			defaultConfigurationName = Release;
		};
		AF2150121CBAABE200FC4B20 /* Build configuration list for PBXNativeTarget "DesignPatternDemo" */ = {
			isa = XCConfigurationList;
			buildConfigurations = (
				AF2150131CBAABE200FC4B20 /* Debug */,
				AF2150141CBAABE200FC4B20 /* Release */,
			);
			defaultConfigurationIsVisible = 0;
			defaultConfigurationName = Release;
		};
		AF2150151CBAABE200FC4B20 /* Build configuration list for PBXNativeTarget "DesignPatternDemoTests" */ = {
			isa = XCConfigurationList;
			buildConfigurations = (
				AF2150161CBAABE200FC4B20 /* Debug */,
				AF2150171CBAABE200FC4B20 /* Release */,
			);
			defaultConfigurationIsVisible = 0;
			defaultConfigurationName = Release;
		};
		AF2150181CBAABE200FC4B20 /* Build configuration list for PBXNativeTarget "DesignPatternDemoUITests" */ = {
			isa = XCConfigurationList;
			buildConfigurations = (
				AF2150191CBAABE200FC4B20 /* Debug */,
				AF21501A1CBAABE200FC4B20 /* Release */,
			);
			defaultConfigurationIsVisible = 0;
			defaultConfigurationName = Release;
		};
/* End XCConfigurationList section */
	};
	rootObject = AF214FDD1CBAABE200FC4B20 /* Project object */;
}
